
Microsoft Visual Studio Solution File, Format Version 12.00
# Visual Studio Version 17
VisualStudioVersion = 17.6.33815.320
MinimumVisualStudioVersion = 10.0.40219.1
Project("{9A19103F-16F7-4668-BE54-9A1E7A4F7556}") = "BookShelfWeb", "..\Work\Web\C# NetCore\Bulky_MVC\BulkyWeb\BookShelfWeb.csproj", "{82D63DC4-C357-466C-A11B-D3EFB2C7B7CE}"
EndProject
Project("{9A19103F-16F7-4668-BE54-9A1E7A4F7556}") = "BookShelf.Utility", "..\Work\Web\C# NetCore\Bulky_MVC\Bulky.Utility\BookShelf.Utility.csproj", "{C2A51267-D941-4CF2-9C5A-F6CE9FC8A5B1}"
EndProject
Project("{9A19103F-16F7-4668-BE54-9A1E7A4F7556}") = "BookShelf.DataAccess", "..\Work\Web\C# NetCore\Bulky_MVC\Bulky.DataAccess\BookShelf.DataAccess.csproj", "{AC1C54DC-3454-4097-9BD8-4CBC2952D3E3}"
EndProject
Project("{9A19103F-16F7-4668-BE54-9A1E7A4F7556}") = "BookShelf.Models", "..\Work\Web\C# NetCore\Bulky_MVC\Bulky.Models\BookShelf.Models.csproj", "{9AB0862E-8B43-4AB0-B06A-3C5A42B98F32}"
EndProject
Global
	GlobalSection(SolutionConfigurationPlatforms) = preSolution
		Debug|Any CPU = Debug|Any CPU
		Release|Any CPU = Release|Any CPU
	EndGlobalSection
	GlobalSection(ProjectConfigurationPlatforms) = postSolution
		{82D63DC4-C357-466C-A11B-D3EFB2C7B7CE}.Debug|Any CPU.ActiveCfg = Debug|Any CPU
		{82D63DC4-C357-466C-A11B-D3EFB2C7B7CE}.Debug|Any CPU.Build.0 = Debug|Any CPU
		{82D63DC4-C357-466C-A11B-D3EFB2C7B7CE}.Release|Any CPU.ActiveCfg = Release|Any CPU
		{82D63DC4-C357-466C-A11B-D3EFB2C7B7CE}.Release|Any CPU.Build.0 = Release|Any CPU
		{C2A51267-D941-4CF2-9C5A-F6CE9FC8A5B1}.Debug|Any CPU.ActiveCfg = Debug|Any CPU
		{C2A51267-D941-4CF2-9C5A-F6CE9FC8A5B1}.Debug|Any CPU.Build.0 = Debug|Any CPU
		{C2A51267-D941-4CF2-9C5A-F6CE9FC8A5B1}.Release|Any CPU.ActiveCfg = Release|Any CPU
		{C2A51267-D941-4CF2-9C5A-F6CE9FC8A5B1}.Release|Any CPU.Build.0 = Release|Any CPU
		{AC1C54DC-3454-4097-9BD8-4CBC2952D3E3}.Debug|Any CPU.ActiveCfg = Debug|Any CPU
		{AC1C54DC-3454-4097-9BD8-4CBC2952D3E3}.Debug|Any CPU.Build.0 = Debug|Any CPU
		{AC1C54DC-3454-4097-9BD8-4CBC2952D3E3}.Release|Any CPU.ActiveCfg = Release|Any CPU
		{AC1C54DC-3454-4097-9BD8-4CBC2952D3E3}.Release|Any CPU.Build.0 = Release|Any CPU
		{9AB0862E-8B43-4AB0-B06A-3C5A42B98F32}.Debug|Any CPU.ActiveCfg = Debug|Any CPU
		{9AB0862E-8B43-4AB0-B06A-3C5A42B98F32}.Debug|Any CPU.Build.0 = Debug|Any CPU
		{9AB0862E-8B43-4AB0-B06A-3C5A42B98F32}.Release|Any CPU.ActiveCfg = Release|Any CPU
		{9AB0862E-8B43-4AB0-B06A-3C5A42B98F32}.Release|Any CPU.Build.0 = Release|Any CPU
	EndGlobalSection
	GlobalSection(SolutionProperties) = preSolution
		HideSolutionNode = FALSE
	EndGlobalSection
	GlobalSection(ExtensibilityGlobals) = postSolution
		SolutionGuid = {E767C92B-7EFC-4E6F-A94E-86AB134073B1}
	EndGlobalSection
EndGlobal
